
Microsoft Visual Studio Solution File, Format Version 12.00
# Visual Studio Version 16
VisualStudioVersion = 16.0.31624.102
MinimumVisualStudioVersion = 10.0.40219.1
Project("{FAE04EC0-301F-11D3-BF4B-00C04F79EFBC}") = "TomtProjektWhackAMole", "TomtProjektWhackAMole\TomtProjektWhackAMole.csproj", "{AC0684EF-7112-4489-BBDC-0979869ABE82}"
EndProject
Global
	GlobalSection(SolutionConfigurationPlatforms) = preSolution
		Debug|Any CPU = Debug|Any CPU
		Release|Any CPU = Release|Any CPU
	EndGlobalSection
	GlobalSection(ProjectConfigurationPlatforms) = postSolution
		{AC0684EF-7112-4489-BBDC-0979869ABE82}.Debug|Any CPU.ActiveCfg = Debug|Any CPU
		{AC0684EF-7112-4489-BBDC-0979869ABE82}.Debug|Any CPU.Build.0 = Debug|Any CPU
		{AC0684EF-7112-4489-BBDC-0979869ABE82}.Release|Any CPU.ActiveCfg = Release|Any CPU
		{AC0684EF-7112-4489-BBDC-0979869ABE82}.Release|Any CPU.Build.0 = Release|Any CPU
	EndGlobalSection
	GlobalSection(SolutionProperties) = preSolution
		HideSolutionNode = FALSE
	EndGlobalSection
	GlobalSection(ExtensibilityGlobals) = postSolution
		SolutionGuid = {08E038F3-71AC-478A-964A-B6AE08D7E688}
	EndGlobalSection
EndGlobal
